
Microsoft Visual Studio Solution File, Format Version 12.00
# Visual Studio 15
VisualStudioVersion = 15.0.27130.2024
MinimumVisualStudioVersion = 10.0.40219.1
Project("{FAE04EC0-301F-11D3-BF4B-00C04F79EFBC}") = "DeviceInternals.Android", "DeviceInternals\DeviceInternals.Android\DeviceInternals.Android.csproj", "{02026A91-D569-450E-855B-18A351E4F6CF}"
EndProject
Project("{FAE04EC0-301F-11D3-BF4B-00C04F79EFBC}") = "DeviceInternals", "DeviceInternals\DeviceInternals\DeviceInternals.csproj", "{2A6B48C4-9A56-4276-A788-5C6730FC40B8}"
EndProject
Project("{FAE04EC0-301F-11D3-BF4B-00C04F79EFBC}") = "DeviceInternals.iOS", "DeviceInternals\DeviceInternals.iOS\DeviceInternals.iOS.csproj", "{DF3F3F0C-B657-4E80-A597-4FF8622BC27D}"
EndProject
Global
	GlobalSection(SolutionConfigurationPlatforms) = preSolution
		Ad-Hoc|Any CPU = Ad-Hoc|Any CPU
		Ad-Hoc|ARM = Ad-Hoc|ARM
		Ad-Hoc|iPhone = Ad-Hoc|iPhone
		Ad-Hoc|iPhoneSimulator = Ad-Hoc|iPhoneSimulator
		Ad-Hoc|x64 = Ad-Hoc|x64
		Ad-Hoc|x86 = Ad-Hoc|x86
		AppStore|Any CPU = AppStore|Any CPU
		AppStore|ARM = AppStore|ARM
		AppStore|iPhone = AppStore|iPhone
		AppStore|iPhoneSimulator = AppStore|iPhoneSimulator
		AppStore|x64 = AppStore|x64
		AppStore|x86 = AppStore|x86
		Debug|Any CPU = Debug|Any CPU
		Debug|ARM = Debug|ARM
		Debug|iPhone = Debug|iPhone
		Debug|iPhoneSimulator = Debug|iPhoneSimulator
		Debug|x64 = Debug|x64
		Debug|x86 = Debug|x86
		Release|Any CPU = Release|Any CPU
		Release|ARM = Release|ARM
		Release|iPhone = Release|iPhone
		Release|iPhoneSimulator = Release|iPhoneSimulator
		Release|x64 = Release|x64
		Release|x86 = Release|x86
	EndGlobalSection
	GlobalSection(ProjectConfigurationPlatforms) = postSolution
		{02026A91-D569-450E-855B-18A351E4F6CF}.Ad-Hoc|Any CPU.ActiveCfg = Release|Any CPU
		{02026A91-D569-450E-855B-18A351E4F6CF}.Ad-Hoc|Any CPU.Build.0 = Release|Any CPU
		{02026A91-D569-450E-855B-18A351E4F6CF}.Ad-Hoc|Any CPU.Deploy.0 = Release|Any CPU
		{02026A91-D569-450E-855B-18A351E4F6CF}.Ad-Hoc|ARM.ActiveCfg = Release|Any CPU
		{02026A91-D569-450E-855B-18A351E4F6CF}.Ad-Hoc|ARM.Build.0 = Release|Any CPU
		{02026A91-D569-450E-855B-18A351E4F6CF}.Ad-Hoc|ARM.Deploy.0 = Release|Any CPU
		{02026A91-D569-450E-855B-18A351E4F6CF}.Ad-Hoc|iPhone.ActiveCfg = Release|Any CPU
		{02026A91-D569-450E-855B-18A351E4F6CF}.Ad-Hoc|iPhone.Build.0 = Release|Any CPU
		{02026A91-D569-450E-855B-18A351E4F6CF}.Ad-Hoc|iPhone.Deploy.0 = Release|Any CPU
		{02026A91-D569-450E-855B-18A351E4F6CF}.Ad-Hoc|iPhoneSimulator.ActiveCfg = Release|Any CPU
		{02026A91-D569-450E-855B-18A351E4F6CF}.Ad-Hoc|iPhoneSimulator.Build.0 = Release|Any CPU
		{02026A91-D569-450E-855B-18A351E4F6CF}.Ad-Hoc|iPhoneSimulator.Deploy.0 = Release|Any CPU
		{02026A91-D569-450E-855B-18A351E4F6CF}.Ad-Hoc|x64.ActiveCfg = Release|Any CPU
		{02026A91-D569-450E-855B-18A351E4F6CF}.Ad-Hoc|x64.Build.0 = Release|Any CPU
		{02026A91-D569-450E-855B-18A351E4F6CF}.Ad-Hoc|x64.Deploy.0 = Release|Any CPU
		{02026A91-D569-450E-855B-18A351E4F6CF}.Ad-Hoc|x86.ActiveCfg = Release|Any CPU
		{02026A91-D569-450E-855B-18A351E4F6CF}.Ad-Hoc|x86.Build.0 = Release|Any CPU
		{02026A91-D569-450E-855B-18A351E4F6CF}.Ad-Hoc|x86.Deploy.0 = Release|Any CPU
		{02026A91-D569-450E-855B-18A351E4F6CF}.AppStore|Any CPU.ActiveCfg = Release|Any CPU
		{02026A91-D569-450E-855B-18A351E4F6CF}.AppStore|Any CPU.Build.0 = Release|Any CPU
		{02026A91-D569-450E-855B-18A351E4F6CF}.AppStore|Any CPU.Deploy.0 = Release|Any CPU
		{02026A91-D569-450E-855B-18A351E4F6CF}.AppStore|ARM.ActiveCfg = Release|Any CPU
		{02026A91-D569-450E-855B-18A351E4F6CF}.AppStore|ARM.Build.0 = Release|Any CPU
		{02026A91-D569-450E-855B-18A351E4F6CF}.AppStore|ARM.Deploy.0 = Release|Any CPU
		{02026A91-D569-450E-855B-18A351E4F6CF}.AppStore|iPhone.ActiveCfg = Release|Any CPU
		{02026A91-D569-450E-855B-18A351E4F6CF}.AppStore|iPhone.Build.0 = Release|Any CPU
		{02026A91-D569-450E-855B-18A351E4F6CF}.AppStore|iPhone.Deploy.0 = Release|Any CPU
		{02026A91-D569-450E-855B-18A351E4F6CF}.AppStore|iPhoneSimulator.ActiveCfg = Release|Any CPU
		{02026A91-D569-450E-855B-18A351E4F6CF}.AppStore|iPhoneSimulator.Build.0 = Release|Any CPU
		{02026A91-D569-450E-855B-18A351E4F6CF}.AppStore|iPhoneSimulator.Deploy.0 = Release|Any CPU
		{02026A91-D569-450E-855B-18A351E4F6CF}.AppStore|x64.ActiveCfg = Release|Any CPU
		{02026A91-D569-450E-855B-18A351E4F6CF}.AppStore|x64.Build.0 = Release|Any CPU
		{02026A91-D569-450E-855B-18A351E4F6CF}.AppStore|x64.Deploy.0 = Release|Any CPU
		{02026A91-D569-450E-855B-18A351E4F6CF}.AppStore|x86.ActiveCfg = Release|Any CPU
		{02026A91-D569-450E-855B-18A351E4F6CF}.AppStore|x86.Build.0 = Release|Any CPU
		{02026A91-D569-450E-855B-18A351E4F6CF}.AppStore|x86.Deploy.0 = Release|Any CPU
		{02026A91-D569-450E-855B-18A351E4F6CF}.Debug|Any CPU.ActiveCfg = Debug|Any CPU
		{02026A91-D569-450E-855B-18A351E4F6CF}.Debug|Any CPU.Build.0 = Debug|Any CPU
		{02026A91-D569-450E-855B-18A351E4F6CF}.Debug|Any CPU.Deploy.0 = Debug|Any CPU
		{02026A91-D569-450E-855B-18A351E4F6CF}.Debug|ARM.ActiveCfg = Debug|Any CPU
		{02026A91-D569-450E-855B-18A351E4F6CF}.Debug|ARM.Build.0 = Debug|Any CPU
		{02026A91-D569-450E-855B-18A351E4F6CF}.Debug|ARM.Deploy.0 = Debug|Any CPU
		{02026A91-D569-450E-855B-18A351E4F6CF}.Debug|iPhone.ActiveCfg = Debug|Any CPU
		{02026A91-D569-450E-855B-18A351E4F6CF}.Debug|iPhone.Build.0 = Debug|Any CPU
		{02026A91-D569-450E-855B-18A351E4F6CF}.Debug|iPhone.Deploy.0 = Debug|Any CPU
		{02026A91-D569-450E-855B-18A351E4F6CF}.Debug|iPhoneSimulator.ActiveCfg = Debug|Any CPU
		{02026A91-D569-450E-855B-18A351E4F6CF}.Debug|iPhoneSimulator.Build.0 = Debug|Any CPU
		{02026A91-D569-450E-855B-18A351E4F6CF}.Debug|iPhoneSimulator.Deploy.0 = Debug|Any CPU
		{02026A91-D569-450E-855B-18A351E4F6CF}.Debug|x64.ActiveCfg = Debug|Any CPU
		{02026A91-D569-450E-855B-18A351E4F6CF}.Debug|x64.Build.0 = Debug|Any CPU
		{02026A91-D569-450E-855B-18A351E4F6CF}.Debug|x64.Deploy.0 = Debug|Any CPU
		{02026A91-D569-450E-855B-18A351E4F6CF}.Debug|x86.ActiveCfg = Debug|Any CPU
		{02026A91-D569-450E-855B-18A351E4F6CF}.Debug|x86.Build.0 = Debug|Any CPU
		{02026A91-D569-450E-855B-18A351E4F6CF}.Debug|x86.Deploy.0 = Debug|Any CPU
		{02026A91-D569-450E-855B-18A351E4F6CF}.Release|Any CPU.ActiveCfg = Release|Any CPU
		{02026A91-D569-450E-855B-18A351E4F6CF}.Release|Any CPU.Build.0 = Release|Any CPU
		{02026A91-D569-450E-855B-18A351E4F6CF}.Release|Any CPU.Deploy.0 = Release|Any CPU
		{02026A91-D569-450E-855B-18A351E4F6CF}.Release|ARM.ActiveCfg = Release|Any CPU
		{02026A91-D569-450E-855B-18A351E4F6CF}.Release|ARM.Build.0 = Release|Any CPU
		{02026A91-D569-450E-855B-18A351E4F6CF}.Release|ARM.Deploy.0 = Release|Any CPU
		{02026A91-D569-450E-855B-18A351E4F6CF}.Release|iPhone.ActiveCfg = Release|Any CPU
		{02026A91-D569-450E-855B-18A351E4F6CF}.Release|iPhone.Build.0 = Release|Any CPU
		{02026A91-D569-450E-855B-18A351E4F6CF}.Release|iPhone.Deploy.0 = Release|Any CPU
		{02026A91-D569-450E-855B-18A351E4F6CF}.Release|iPhoneSimulator.ActiveCfg = Release|Any CPU
		{02026A91-D569-450E-855B-18A351E4F6CF}.Release|iPhoneSimulator.Build.0 = Release|Any CPU
		{02026A91-D569-450E-855B-18A351E4F6CF}.Release|iPhoneSimulator.Deploy.0 = Release|Any CPU
		{02026A91-D569-450E-855B-18A351E4F6CF}.Release|x64.ActiveCfg = Release|Any CPU
		{02026A91-D569-450E-855B-18A351E4F6CF}.Release|x64.Build.0 = Release|Any CPU
		{02026A91-D569-450E-855B-18A351E4F6CF}.Release|x64.Deploy.0 = Release|Any CPU
		{02026A91-D569-450E-855B-18A351E4F6CF}.Release|x86.ActiveCfg = Release|Any CPU
		{02026A91-D569-450E-855B-18A351E4F6CF}.Release|x86.Build.0 = Release|Any CPU
		{02026A91-D569-450E-855B-18A351E4F6CF}.Release|x86.Deploy.0 = Release|Any CPU
		{2A6B48C4-9A56-4276-A788-5C6730FC40B8}.Ad-Hoc|Any CPU.ActiveCfg = Debug|Any CPU
		{2A6B48C4-9A56-4276-A788-5C6730FC40B8}.Ad-Hoc|Any CPU.Build.0 = Debug|Any CPU
		{2A6B48C4-9A56-4276-A788-5C6730FC40B8}.Ad-Hoc|ARM.ActiveCfg = Debug|Any CPU
		{2A6B48C4-9A56-4276-A788-5C6730FC40B8}.Ad-Hoc|ARM.Build.0 = Debug|Any CPU
		{2A6B48C4-9A56-4276-A788-5C6730FC40B8}.Ad-Hoc|iPhone.ActiveCfg = Debug|Any CPU
		{2A6B48C4-9A56-4276-A788-5C6730FC40B8}.Ad-Hoc|iPhone.Build.0 = Debug|Any CPU
		{2A6B48C4-9A56-4276-A788-5C6730FC40B8}.Ad-Hoc|iPhoneSimulator.ActiveCfg = Debug|Any CPU
		{2A6B48C4-9A56-4276-A788-5C6730FC40B8}.Ad-Hoc|iPhoneSimulator.Build.0 = Debug|Any CPU
		{2A6B48C4-9A56-4276-A788-5C6730FC40B8}.Ad-Hoc|x64.ActiveCfg = Debug|Any CPU
		{2A6B48C4-9A56-4276-A788-5C6730FC40B8}.Ad-Hoc|x64.Build.0 = Debug|Any CPU
		{2A6B48C4-9A56-4276-A788-5C6730FC40B8}.Ad-Hoc|x86.ActiveCfg = Debug|Any CPU
		{2A6B48C4-9A56-4276-A788-5C6730FC40B8}.Ad-Hoc|x86.Build.0 = Debug|Any CPU
		{2A6B48C4-9A56-4276-A788-5C6730FC40B8}.AppStore|Any CPU.ActiveCfg = Debug|Any CPU
		{2A6B48C4-9A56-4276-A788-5C6730FC40B8}.AppStore|Any CPU.Build.0 = Debug|Any CPU
		{2A6B48C4-9A56-4276-A788-5C6730FC40B8}.AppStore|ARM.ActiveCfg = Debug|Any CPU
		{2A6B48C4-9A56-4276-A788-5C6730FC40B8}.AppStore|ARM.Build.0 = Debug|Any CPU
		{2A6B48C4-9A56-4276-A788-5C6730FC40B8}.AppStore|iPhone.ActiveCfg = Debug|Any CPU
		{2A6B48C4-9A56-4276-A788-5C6730FC40B8}.AppStore|iPhone.Build.0 = Debug|Any CPU
		{2A6B48C4-9A56-4276-A788-5C6730FC40B8}.AppStore|iPhoneSimulator.ActiveCfg = Debug|Any CPU
		{2A6B48C4-9A56-4276-A788-5C6730FC40B8}.AppStore|iPhoneSimulator.Build.0 = Debug|Any CPU
		{2A6B48C4-9A56-4276-A788-5C6730FC40B8}.AppStore|x64.ActiveCfg = Debug|Any CPU
		{2A6B48C4-9A56-4276-A788-5C6730FC40B8}.AppStore|x64.Build.0 = Debug|Any CPU
		{2A6B48C4-9A56-4276-A788-5C6730FC40B8}.AppStore|x86.ActiveCfg = Debug|Any CPU
		{2A6B48C4-9A56-4276-A788-5C6730FC40B8}.AppStore|x86.Build.0 = Debug|Any CPU
		{2A6B48C4-9A56-4276-A788-5C6730FC40B8}.Debug|Any CPU.ActiveCfg = Debug|Any CPU
		{2A6B48C4-9A56-4276-A788-5C6730FC40B8}.Debug|Any CPU.Build.0 = Debug|Any CPU
		{2A6B48C4-9A56-4276-A788-5C6730FC40B8}.Debug|ARM.ActiveCfg = Debug|Any CPU
		{2A6B48C4-9A56-4276-A788-5C6730FC40B8}.Debug|ARM.Build.0 = Debug|Any CPU
		{2A6B48C4-9A56-4276-A788-5C6730FC40B8}.Debug|iPhone.ActiveCfg = Debug|Any CPU
		{2A6B48C4-9A56-4276-A788-5C6730FC40B8}.Debug|iPhone.Build.0 = Debug|Any CPU
		{2A6B48C4-9A56-4276-A788-5C6730FC40B8}.Debug|iPhoneSimulator.ActiveCfg = Debug|Any CPU
		{2A6B48C4-9A56-4276-A788-5C6730FC40B8}.Debug|iPhoneSimulator.Build.0 = Debug|Any CPU
		{2A6B48C4-9A56-4276-A788-5C6730FC40B8}.Debug|x64.ActiveCfg = Debug|Any CPU
		{2A6B48C4-9A56-4276-A788-5C6730FC40B8}.Debug|x64.Build.0 = Debug|Any CPU
		{2A6B48C4-9A56-4276-A788-5C6730FC40B8}.Debug|x86.ActiveCfg = Debug|Any CPU
		{2A6B48C4-9A56-4276-A788-5C6730FC40B8}.Debug|x86.Build.0 = Debug|Any CPU
		{2A6B48C4-9A56-4276-A788-5C6730FC40B8}.Release|Any CPU.ActiveCfg = Release|Any CPU
		{2A6B48C4-9A56-4276-A788-5C6730FC40B8}.Release|Any CPU.Build.0 = Release|Any CPU
		{2A6B48C4-9A56-4276-A788-5C6730FC40B8}.Release|ARM.ActiveCfg = Release|Any CPU
		{2A6B48C4-9A56-4276-A788-5C6730FC40B8}.Release|ARM.Build.0 = Release|Any CPU
		{2A6B48C4-9A56-4276-A788-5C6730FC40B8}.Release|iPhone.ActiveCfg = Release|Any CPU
		{2A6B48C4-9A56-4276-A788-5C6730FC40B8}.Release|iPhone.Build.0 = Release|Any CPU
		{2A6B48C4-9A56-4276-A788-5C6730FC40B8}.Release|iPhoneSimulator.ActiveCfg = Release|Any CPU
		{2A6B48C4-9A56-4276-A788-5C6730FC40B8}.Release|iPhoneSimulator.Build.0 = Release|Any CPU
		{2A6B48C4-9A56-4276-A788-5C6730FC40B8}.Release|x64.ActiveCfg = Release|Any CPU
		{2A6B48C4-9A56-4276-A788-5C6730FC40B8}.Release|x64.Build.0 = Release|Any CPU
		{2A6B48C4-9A56-4276-A788-5C6730FC40B8}.Release|x86.ActiveCfg = Release|Any CPU
		{2A6B48C4-9A56-4276-A788-5C6730FC40B8}.Release|x86.Build.0 = Release|Any CPU
		{DF3F3F0C-B657-4E80-A597-4FF8622BC27D}.Ad-Hoc|Any CPU.ActiveCfg = Ad-Hoc|iPhone
		{DF3F3F0C-B657-4E80-A597-4FF8622BC27D}.Ad-Hoc|ARM.ActiveCfg = Ad-Hoc|iPhone
		{DF3F3F0C-B657-4E80-A597-4FF8622BC27D}.Ad-Hoc|iPhone.ActiveCfg = Ad-Hoc|iPhone
		{DF3F3F0C-B657-4E80-A597-4FF8622BC27D}.Ad-Hoc|iPhone.Build.0 = Ad-Hoc|iPhone
		{DF3F3F0C-B657-4E80-A597-4FF8622BC27D}.Ad-Hoc|iPhoneSimulator.ActiveCfg = Ad-Hoc|iPhoneSimulator
		{DF3F3F0C-B657-4E80-A597-4FF8622BC27D}.Ad-Hoc|iPhoneSimulator.Build.0 = Ad-Hoc|iPhoneSimulator
		{DF3F3F0C-B657-4E80-A597-4FF8622BC27D}.Ad-Hoc|x64.ActiveCfg = Ad-Hoc|iPhone
		{DF3F3F0C-B657-4E80-A597-4FF8622BC27D}.Ad-Hoc|x86.ActiveCfg = Ad-Hoc|iPhone
		{DF3F3F0C-B657-4E80-A597-4FF8622BC27D}.AppStore|Any CPU.ActiveCfg = AppStore|iPhone
		{DF3F3F0C-B657-4E80-A597-4FF8622BC27D}.AppStore|ARM.ActiveCfg = AppStore|iPhone
		{DF3F3F0C-B657-4E80-A597-4FF8622BC27D}.AppStore|iPhone.ActiveCfg = AppStore|iPhone
		{DF3F3F0C-B657-4E80-A597-4FF8622BC27D}.AppStore|iPhone.Build.0 = AppStore|iPhone
		{DF3F3F0C-B657-4E80-A597-4FF8622BC27D}.AppStore|iPhoneSimulator.ActiveCfg = AppStore|iPhoneSimulator
		{DF3F3F0C-B657-4E80-A597-4FF8622BC27D}.AppStore|iPhoneSimulator.Build.0 = AppStore|iPhoneSimulator
		{DF3F3F0C-B657-4E80-A597-4FF8622BC27D}.AppStore|x64.ActiveCfg = AppStore|iPhone
		{DF3F3F0C-B657-4E80-A597-4FF8622BC27D}.AppStore|x86.ActiveCfg = AppStore|iPhone
		{DF3F3F0C-B657-4E80-A597-4FF8622BC27D}.Debug|Any CPU.ActiveCfg = Debug|iPhone
		{DF3F3F0C-B657-4E80-A597-4FF8622BC27D}.Debug|ARM.ActiveCfg = Debug|iPhone
		{DF3F3F0C-B657-4E80-A597-4FF8622BC27D}.Debug|iPhone.ActiveCfg = Debug|iPhone
		{DF3F3F0C-B657-4E80-A597-4FF8622BC27D}.Debug|iPhone.Build.0 = Debug|iPhone
		{DF3F3F0C-B657-4E80-A597-4FF8622BC27D}.Debug|iPhoneSimulator.ActiveCfg = Debug|iPhoneSimulator
		{DF3F3F0C-B657-4E80-A597-4FF8622BC27D}.Debug|iPhoneSimulator.Build.0 = Debug|iPhoneSimulator
		{DF3F3F0C-B657-4E80-A597-4FF8622BC27D}.Debug|x64.ActiveCfg = Debug|iPhone
		{DF3F3F0C-B657-4E80-A597-4FF8622BC27D}.Debug|x86.ActiveCfg = Debug|iPhone
		{DF3F3F0C-B657-4E80-A597-4FF8622BC27D}.Release|Any CPU.ActiveCfg = Release|iPhone
		{DF3F3F0C-B657-4E80-A597-4FF8622BC27D}.Release|ARM.ActiveCfg = Release|iPhone
		{DF3F3F0C-B657-4E80-A597-4FF8622BC27D}.Release|iPhone.ActiveCfg = Release|iPhone
		{DF3F3F0C-B657-4E80-A597-4FF8622BC27D}.Release|iPhone.Build.0 = Release|iPhone
		{DF3F3F0C-B657-4E80-A597-4FF8622BC27D}.Release|iPhoneSimulator.ActiveCfg = Release|iPhoneSimulator
		{DF3F3F0C-B657-4E80-A597-4FF8622BC27D}.Release|iPhoneSimulator.Build.0 = Release|iPhoneSimulator
		{DF3F3F0C-B657-4E80-A597-4FF8622BC27D}.Release|x64.ActiveCfg = Release|iPhone
		{DF3F3F0C-B657-4E80-A597-4FF8622BC27D}.Release|x86.ActiveCfg = Release|iPhone
		{DF3F3F0C-B657-4E80-A597-4FF8622BC27D}.Debug|Any CPU.Build.0 = Debug|iPhone
		{DF3F3F0C-B657-4E80-A597-4FF8622BC27D}.Release|Any CPU.Build.0 = Release|iPhone
	EndGlobalSection
	GlobalSection(SolutionProperties) = preSolution
		HideSolutionNode = FALSE
	EndGlobalSection
	GlobalSection(ExtensibilityGlobals) = postSolution
		SolutionGuid = {BD5E7999-3938-4660-AF3D-FD935E118B90}
	EndGlobalSection
EndGlobal
